
Microsoft Visual Studio Solution File, Format Version 12.00
# Visual Studio 15
VisualStudioVersion = 15.0.28010.2050
MinimumVisualStudioVersion = 10.0.40219.1
Project("{9A19103F-16F7-4668-BE54-9A1E7A4F7556}") = "GenericClassLibrary", "GenericClassLibrary\GenericClassLibrary.csproj", "{2DA4919F-BB9B-4B5A-9478-E4C403ABDEF6}"
EndProject
Project("{9A19103F-16F7-4668-BE54-9A1E7A4F7556}") = "GenericClassLibraryTests", "GenericClassLibraryTests\GenericClassLibraryTests.csproj", "{E2AFA3F0-69FB-4690-9475-6067B2300198}"
EndProject
Global
	GlobalSection(SolutionConfigurationPlatforms) = preSolution
		Debug|Any CPU = Debug|Any CPU
		Release|Any CPU = Release|Any CPU
	EndGlobalSection
	GlobalSection(ProjectConfigurationPlatforms) = postSolution
		{2DA4919F-BB9B-4B5A-9478-E4C403ABDEF6}.Debug|Any CPU.ActiveCfg = Debug|Any CPU
		{2DA4919F-BB9B-4B5A-9478-E4C403ABDEF6}.Debug|Any CPU.Build.0 = Debug|Any CPU
		{2DA4919F-BB9B-4B5A-9478-E4C403ABDEF6}.Release|Any CPU.ActiveCfg = Release|Any CPU
		{2DA4919F-BB9B-4B5A-9478-E4C403ABDEF6}.Release|Any CPU.Build.0 = Release|Any CPU
		{E2AFA3F0-69FB-4690-9475-6067B2300198}.Debug|Any CPU.ActiveCfg = Debug|Any CPU
		{E2AFA3F0-69FB-4690-9475-6067B2300198}.Debug|Any CPU.Build.0 = Debug|Any CPU
		{E2AFA3F0-69FB-4690-9475-6067B2300198}.Release|Any CPU.ActiveCfg = Release|Any CPU
		{E2AFA3F0-69FB-4690-9475-6067B2300198}.Release|Any CPU.Build.0 = Release|Any CPU
	EndGlobalSection
	GlobalSection(SolutionProperties) = preSolution
		HideSolutionNode = FALSE
	EndGlobalSection
	GlobalSection(ExtensibilityGlobals) = postSolution
		SolutionGuid = {2B919CC4-3792-4A2A-A24F-367B56067186}
	EndGlobalSection
EndGlobal
