
Microsoft Visual Studio Solution File, Format Version 12.00
# Visual Studio Version 17
VisualStudioVersion = 17.0.31912.275
MinimumVisualStudioVersion = 10.0.40219.1
Project("{9A19103F-16F7-4668-BE54-9A1E7A4F7556}") = "GenericClassLibrary", "GenericClassLibrary\GenericClassLibrary.csproj", "{2DA4919F-BB9B-4B5A-9478-E4C403ABDEF6}"
EndProject
Project("{9A19103F-16F7-4668-BE54-9A1E7A4F7556}") = "GenericClassLibraryTests", "GenericClassLibraryTests\GenericClassLibraryTests.csproj", "{E2AFA3F0-69FB-4690-9475-6067B2300198}"
EndProject
Project("{2150E333-8FDC-42A3-9474-1A3956D46DE8}") = "Solution Items", "Solution Items", "{09E7860E-36B2-47EC-87CF-65DB780BA97D}"
	ProjectSection(SolutionItems) = preProject
		.travis.yml = .travis.yml
		README.md = README.md
		travis-ci.msbuild = travis-ci.msbuild
	EndProjectSection
EndProject
Project("{9A19103F-16F7-4668-BE54-9A1E7A4F7556}") = "GenericWinformsLibrary", "GenericWinformsLibrary\GenericWinformsLibrary.csproj", "{1AA3AAE4-71BE-408F-B4DA-DE06E1A2D539}"
EndProject
Project("{9A19103F-16F7-4668-BE54-9A1E7A4F7556}") = "GenericWPFLibrary", "GenericWPFLibrary\GenericWPFLibrary.csproj", "{60E03DF4-B096-455B-A179-BD2135526A6E}"
EndProject
Project("{FAE04EC0-301F-11D3-BF4B-00C04F79EFBC}") = "GenericNSubstituteTestHelpers", "GenericNSubstituteTestHelpers\GenericNSubstituteTestHelpers.csproj", "{2C516E8E-1F4E-427F-BC7C-1F0372F7C818}"
EndProject
Global
	GlobalSection(SolutionConfigurationPlatforms) = preSolution
		Debug|Any CPU = Debug|Any CPU
		Release|Any CPU = Release|Any CPU
	EndGlobalSection
	GlobalSection(ProjectConfigurationPlatforms) = postSolution
		{2DA4919F-BB9B-4B5A-9478-E4C403ABDEF6}.Debug|Any CPU.ActiveCfg = Debug|Any CPU
		{2DA4919F-BB9B-4B5A-9478-E4C403ABDEF6}.Debug|Any CPU.Build.0 = Debug|Any CPU
		{2DA4919F-BB9B-4B5A-9478-E4C403ABDEF6}.Release|Any CPU.ActiveCfg = Release|Any CPU
		{2DA4919F-BB9B-4B5A-9478-E4C403ABDEF6}.Release|Any CPU.Build.0 = Release|Any CPU
		{E2AFA3F0-69FB-4690-9475-6067B2300198}.Debug|Any CPU.ActiveCfg = Debug|Any CPU
		{E2AFA3F0-69FB-4690-9475-6067B2300198}.Debug|Any CPU.Build.0 = Debug|Any CPU
		{E2AFA3F0-69FB-4690-9475-6067B2300198}.Release|Any CPU.ActiveCfg = Release|Any CPU
		{E2AFA3F0-69FB-4690-9475-6067B2300198}.Release|Any CPU.Build.0 = Release|Any CPU
		{1AA3AAE4-71BE-408F-B4DA-DE06E1A2D539}.Debug|Any CPU.ActiveCfg = Debug|Any CPU
		{1AA3AAE4-71BE-408F-B4DA-DE06E1A2D539}.Debug|Any CPU.Build.0 = Debug|Any CPU
		{1AA3AAE4-71BE-408F-B4DA-DE06E1A2D539}.Release|Any CPU.ActiveCfg = Release|Any CPU
		{1AA3AAE4-71BE-408F-B4DA-DE06E1A2D539}.Release|Any CPU.Build.0 = Release|Any CPU
		{60E03DF4-B096-455B-A179-BD2135526A6E}.Debug|Any CPU.ActiveCfg = Debug|Any CPU
		{60E03DF4-B096-455B-A179-BD2135526A6E}.Debug|Any CPU.Build.0 = Debug|Any CPU
		{60E03DF4-B096-455B-A179-BD2135526A6E}.Release|Any CPU.ActiveCfg = Release|Any CPU
		{60E03DF4-B096-455B-A179-BD2135526A6E}.Release|Any CPU.Build.0 = Release|Any CPU
		{2C516E8E-1F4E-427F-BC7C-1F0372F7C818}.Debug|Any CPU.ActiveCfg = Debug|Any CPU
		{2C516E8E-1F4E-427F-BC7C-1F0372F7C818}.Debug|Any CPU.Build.0 = Debug|Any CPU
		{2C516E8E-1F4E-427F-BC7C-1F0372F7C818}.Release|Any CPU.ActiveCfg = Release|Any CPU
		{2C516E8E-1F4E-427F-BC7C-1F0372F7C818}.Release|Any CPU.Build.0 = Release|Any CPU
	EndGlobalSection
	GlobalSection(SolutionProperties) = preSolution
		HideSolutionNode = FALSE
	EndGlobalSection
	GlobalSection(ExtensibilityGlobals) = postSolution
		SolutionGuid = {2B919CC4-3792-4A2A-A24F-367B56067186}
	EndGlobalSection
EndGlobal
